// !$*UTF8*$!
{
	archiveVersion = 1;
	classes = {
	};
	objectVersion = 46;
	objects = {

/* Begin PBXBuildFile section */
		780F22B81F1CBC0B0032415B /* AppDelegate.swift in Sources */ = {isa = PBXBuildFile; fileRef = 780F22B71F1CBC0B0032415B /* AppDelegate.swift */; };
		780F22BA1F1CBC0B0032415B /* ViewController.swift in Sources */ = {isa = PBXBuildFile; fileRef = 780F22B91F1CBC0B0032415B /* ViewController.swift */; };
		780F22BD1F1CBC0B0032415B /* Main.storyboard in Resources */ = {isa = PBXBuildFile; fileRef = 780F22BB1F1CBC0B0032415B /* Main.storyboard */; };
		780F22C01F1CBC0B0032415B /* One_Password.xcdatamodeld in Sources */ = {isa = PBXBuildFile; fileRef = 780F22BE1F1CBC0B0032415B /* One_Password.xcdatamodeld */; };
		780F22C21F1CBC0B0032415B /* Assets.xcassets in Resources */ = {isa = PBXBuildFile; fileRef = 780F22C11F1CBC0B0032415B /* Assets.xcassets */; };
		780F22C51F1CBC0B0032415B /* LaunchScreen.storyboard in Resources */ = {isa = PBXBuildFile; fileRef = 780F22C31F1CBC0B0032415B /* LaunchScreen.storyboard */; };
		780F22D01F1CBC0C0032415B /* One_PasswordTests.swift in Sources */ = {isa = PBXBuildFile; fileRef = 780F22CF1F1CBC0C0032415B /* One_PasswordTests.swift */; };
		780F22DB1F1CBC0C0032415B /* One_PasswordUITests.swift in Sources */ = {isa = PBXBuildFile; fileRef = 780F22DA1F1CBC0C0032415B /* One_PasswordUITests.swift */; };
/* End PBXBuildFile section */

/* Begin PBXContainerItemProxy section */
		780F22CC1F1CBC0C0032415B /* PBXContainerItemProxy */ = {
			isa = PBXContainerItemProxy;
			containerPortal = 780F22AC1F1CBC0B0032415B /* Project object */;
			proxyType = 1;
			remoteGlobalIDString = 780F22B31F1CBC0B0032415B;
			remoteInfo = "One Password";
		};
		780F22D71F1CBC0C0032415B /* PBXContainerItemProxy */ = {
			isa = PBXContainerItemProxy;
			containerPortal = 780F22AC1F1CBC0B0032415B /* Project object */;
			proxyType = 1;
			remoteGlobalIDString = 780F22B31F1CBC0B0032415B;
			remoteInfo = "One Password";
		};
/* End PBXContainerItemProxy section */

/* Begin PBXFileReference section */
		780F22B41F1CBC0B0032415B /* One Password.app */ = {isa = PBXFileReference; explicitFileType = wrapper.application; includeInIndex = 0; path = "One Password.app"; sourceTree = BUILT_PRODUCTS_DIR; };
		780F22B71F1CBC0B0032415B /* AppDelegate.swift */ = {isa = PBXFileReference; lastKnownFileType = sourcecode.swift; path = AppDelegate.swift; sourceTree = "<group>"; };
		780F22B91F1CBC0B0032415B /* ViewController.swift */ = {isa = PBXFileReference; lastKnownFileType = sourcecode.swift; path = ViewController.swift; sourceTree = "<group>"; };
		780F22BC1F1CBC0B0032415B /* Base */ = {isa = PBXFileReference; lastKnownFileType = file.storyboard; name = Base; path = Base.lproj/Main.storyboard; sourceTree = "<group>"; };
		780F22BF1F1CBC0B0032415B /* One_Password.xcdatamodel */ = {isa = PBXFileReference; lastKnownFileType = wrapper.xcdatamodel; path = One_Password.xcdatamodel; sourceTree = "<group>"; };
		780F22C11F1CBC0B0032415B /* Assets.xcassets */ = {isa = PBXFileReference; lastKnownFileType = folder.assetcatalog; path = Assets.xcassets; sourceTree = "<group>"; };
		780F22C41F1CBC0B0032415B /* Base */ = {isa = PBXFileReference; lastKnownFileType = file.storyboard; name = Base; path = Base.lproj/LaunchScreen.storyboard; sourceTree = "<group>"; };
		780F22C61F1CBC0B0032415B /* Info.plist */ = {isa = PBXFileReference; lastKnownFileType = text.plist.xml; path = Info.plist; sourceTree = "<group>"; };
		780F22CB1F1CBC0C0032415B /* One PasswordTests.xctest */ = {isa = PBXFileReference; explicitFileType = wrapper.cfbundle; includeInIndex = 0; path = "One PasswordTests.xctest"; sourceTree = BUILT_PRODUCTS_DIR; };
		780F22CF1F1CBC0C0032415B /* One_PasswordTests.swift */ = {isa = PBXFileReference; lastKnownFileType = sourcecode.swift; path = One_PasswordTests.swift; sourceTree = "<group>"; };
		780F22D11F1CBC0C0032415B /* Info.plist */ = {isa = PBXFileReference; lastKnownFileType = text.plist.xml; path = Info.plist; sourceTree = "<group>"; };
		780F22D61F1CBC0C0032415B /* One PasswordUITests.xctest */ = {isa = PBXFileReference; explicitFileType = wrapper.cfbundle; includeInIndex = 0; path = "One PasswordUITests.xctest"; sourceTree = BUILT_PRODUCTS_DIR; };
		780F22DA1F1CBC0C0032415B /* One_PasswordUITests.swift */ = {isa = PBXFileReference; lastKnownFileType = sourcecode.swift; path = One_PasswordUITests.swift; sourceTree = "<group>"; };
		780F22DC1F1CBC0C0032415B /* Info.plist */ = {isa = PBXFileReference; lastKnownFileType = text.plist.xml; path = Info.plist; sourceTree = "<group>"; };
/* End PBXFileReference section */

/* Begin PBXFrameworksBuildPhase section */
		780F22B11F1CBC0B0032415B /* Frameworks */ = {
			isa = PBXFrameworksBuildPhase;
			buildActionMask = 2147483647;
			files = (
			);
			runOnlyForDeploymentPostprocessing = 0;
		};
		780F22C81F1CBC0C0032415B /* Frameworks */ = {
			isa = PBXFrameworksBuildPhase;
			buildActionMask = 2147483647;
			files = (
			);
			runOnlyForDeploymentPostprocessing = 0;
		};
		780F22D31F1CBC0C0032415B /* Frameworks */ = {
			isa = PBXFrameworksBuildPhase;
			buildActionMask = 2147483647;
			files = (
			);
			runOnlyForDeploymentPostprocessing = 0;
		};
/* End PBXFrameworksBuildPhase section */

/* Begin PBXGroup section */
		780F22AB1F1CBC0B0032415B = {
			isa = PBXGroup;
			children = (
				780F22B61F1CBC0B0032415B /* One Password */,
				780F22CE1F1CBC0C0032415B /* One PasswordTests */,
				780F22D91F1CBC0C0032415B /* One PasswordUITests */,
				780F22B51F1CBC0B0032415B /* Products */,
			);
			sourceTree = "<group>";
		};
		780F22B51F1CBC0B0032415B /* Products */ = {
			isa = PBXGroup;
			children = (
				780F22B41F1CBC0B0032415B /* One Password.app */,
				780F22CB1F1CBC0C0032415B /* One PasswordTests.xctest */,
				780F22D61F1CBC0C0032415B /* One PasswordUITests.xctest */,
			);
			name = Products;
			sourceTree = "<group>";
		};
		780F22B61F1CBC0B0032415B /* One Password */ = {
			isa = PBXGroup;
			children = (
				780F22B71F1CBC0B0032415B /* AppDelegate.swift */,
				780F22B91F1CBC0B0032415B /* ViewController.swift */,
				780F22BB1F1CBC0B0032415B /* Main.storyboard */,
				780F22C11F1CBC0B0032415B /* Assets.xcassets */,
				780F22C31F1CBC0B0032415B /* LaunchScreen.storyboard */,
				780F22C61F1CBC0B0032415B /* Info.plist */,
				780F22BE1F1CBC0B0032415B /* One_Password.xcdatamodeld */,
			);
			path = "One Password";
			sourceTree = "<group>";
		};
		780F22CE1F1CBC0C0032415B /* One PasswordTests */ = {
			isa = PBXGroup;
			children = (
				780F22CF1F1CBC0C0032415B /* One_PasswordTests.swift */,
				780F22D11F1CBC0C0032415B /* Info.plist */,
			);
			path = "One PasswordTests";
			sourceTree = "<group>";
		};
		780F22D91F1CBC0C0032415B /* One PasswordUITests */ = {
			isa = PBXGroup;
			children = (
				780F22DA1F1CBC0C0032415B /* One_PasswordUITests.swift */,
				780F22DC1F1CBC0C0032415B /* Info.plist */,
			);
			path = "One PasswordUITests";
			sourceTree = "<group>";
		};
/* End PBXGroup section */

/* Begin PBXNativeTarget section */
		780F22B31F1CBC0B0032415B /* One Password */ = {
			isa = PBXNativeTarget;
			buildConfigurationList = 780F22DF1F1CBC0C0032415B /* Build configuration list for PBXNativeTarget "One Password" */;
			buildPhases = (
				780F22B01F1CBC0B0032415B /* Sources */,
				780F22B11F1CBC0B0032415B /* Frameworks */,
				780F22B21F1CBC0B0032415B /* Resources */,
			);
			buildRules = (
			);
			dependencies = (
			);
			name = "One Password";
			productName = "One Password";
			productReference = 780F22B41F1CBC0B0032415B /* One Password.app */;
			productType = "com.apple.product-type.application";
		};
		780F22CA1F1CBC0C0032415B /* One PasswordTests */ = {
			isa = PBXNativeTarget;
			buildConfigurationList = 780F22E21F1CBC0C0032415B /* Build configuration list for PBXNativeTarget "One PasswordTests" */;
			buildPhases = (
				780F22C71F1CBC0C0032415B /* Sources */,
				780F22C81F1CBC0C0032415B /* Frameworks */,
				780F22C91F1CBC0C0032415B /* Resources */,
			);
			buildRules = (
			);
			dependencies = (
				780F22CD1F1CBC0C0032415B /* PBXTargetDependency */,
			);
			name = "One PasswordTests";
			productName = "One PasswordTests";
			productReference = 780F22CB1F1CBC0C0032415B /* One PasswordTests.xctest */;
			productType = "com.apple.product-type.bundle.unit-test";
		};
		780F22D51F1CBC0C0032415B /* One PasswordUITests */ = {
			isa = PBXNativeTarget;
			buildConfigurationList = 780F22E51F1CBC0C0032415B /* Build configuration list for PBXNativeTarget "One PasswordUITests" */;
			buildPhases = (
				780F22D21F1CBC0C0032415B /* Sources */,
				780F22D31F1CBC0C0032415B /* Frameworks */,
				780F22D41F1CBC0C0032415B /* Resources */,
			);
			buildRules = (
			);
			dependencies = (
				780F22D81F1CBC0C0032415B /* PBXTargetDependency */,
			);
			name = "One PasswordUITests";
			productName = "One PasswordUITests";
			productReference = 780F22D61F1CBC0C0032415B /* One PasswordUITests.xctest */;
			productType = "com.apple.product-type.bundle.ui-testing";
		};
/* End PBXNativeTarget section */

/* Begin PBXProject section */
		780F22AC1F1CBC0B0032415B /* Project object */ = {
			isa = PBXProject;
			attributes = {
				LastSwiftUpdateCheck = 0810;
				LastUpgradeCheck = 0810;
				ORGANIZATIONNAME = Confiance;
				TargetAttributes = {
					780F22B31F1CBC0B0032415B = {
						CreatedOnToolsVersion = 8.1;
						DevelopmentTeam = JT426SNB49;
						ProvisioningStyle = Automatic;
					};
					780F22CA1F1CBC0C0032415B = {
						CreatedOnToolsVersion = 8.1;
						DevelopmentTeam = JT426SNB49;
						ProvisioningStyle = Automatic;
						TestTargetID = 780F22B31F1CBC0B0032415B;
					};
					780F22D51F1CBC0C0032415B = {
						CreatedOnToolsVersion = 8.1;
						DevelopmentTeam = JT426SNB49;
						ProvisioningStyle = Automatic;
						TestTargetID = 780F22B31F1CBC0B0032415B;
					};
				};
			};
			buildConfigurationList = 780F22AF1F1CBC0B0032415B /* Build configuration list for PBXProject "One Password" */;
			compatibilityVersion = "Xcode 3.2";
			developmentRegion = English;
			hasScannedForEncodings = 0;
			knownRegions = (
				en,
				Base,
			);
			mainGroup = 780F22AB1F1CBC0B0032415B;
			productRefGroup = 780F22B51F1CBC0B0032415B /* Products */;
			projectDirPath = "";
			projectRoot = "";
			targets = (
				780F22B31F1CBC0B0032415B /* One Password */,
				780F22CA1F1CBC0C0032415B /* One PasswordTests */,
				780F22D51F1CBC0C0032415B /* One PasswordUITests */,
			);
		};
/* End PBXProject section */

/* Begin PBXResourcesBuildPhase section */
		780F22B21F1CBC0B0032415B /* Resources */ = {
			isa = PBXResourcesBuildPhase;
			buildActionMask = 2147483647;
			files = (
				780F22C51F1CBC0B0032415B /* LaunchScreen.storyboard in Resources */,
				780F22C21F1CBC0B0032415B /* Assets.xcassets in Resources */,
				780F22BD1F1CBC0B0032415B /* Main.storyboard in Resources */,
			);
			runOnlyForDeploymentPostprocessing = 0;
		};
		780F22C91F1CBC0C0032415B /* Resources */ = {
			isa = PBXResourcesBuildPhase;
			buildActionMask = 2147483647;
			files = (
			);
			runOnlyForDeploymentPostprocessing = 0;
		};
		780F22D41F1CBC0C0032415B /* Resources */ = {
			isa = PBXResourcesBuildPhase;
			buildActionMask = 2147483647;
			files = (
			);
			runOnlyForDeploymentPostprocessing = 0;
		};
/* End PBXResourcesBuildPhase section */

/* Begin PBXSourcesBuildPhase section */
		780F22B01F1CBC0B0032415B /* Sources */ = {
			isa = PBXSourcesBuildPhase;
			buildActionMask = 2147483647;
			files = (
				780F22BA1F1CBC0B0032415B /* ViewController.swift in Sources */,
				780F22C01F1CBC0B0032415B /* One_Password.xcdatamodeld in Sources */,
				780F22B81F1CBC0B0032415B /* AppDelegate.swift in Sources */,
			);
			runOnlyForDeploymentPostprocessing = 0;
		};
		780F22C71F1CBC0C0032415B /* Sources */ = {
			isa = PBXSourcesBuildPhase;
			buildActionMask = 2147483647;
			files = (
				780F22D01F1CBC0C0032415B /* One_PasswordTests.swift in Sources */,
			);
			runOnlyForDeploymentPostprocessing = 0;
		};
		780F22D21F1CBC0C0032415B /* Sources */ = {
			isa = PBXSourcesBuildPhase;
			buildActionMask = 2147483647;
			files = (
				780F22DB1F1CBC0C0032415B /* One_PasswordUITests.swift in Sources */,
			);
			runOnlyForDeploymentPostprocessing = 0;
		};
/* End PBXSourcesBuildPhase section */

/* Begin PBXTargetDependency section */
		780F22CD1F1CBC0C0032415B /* PBXTargetDependency */ = {
			isa = PBXTargetDependency;
			target = 780F22B31F1CBC0B0032415B /* One Password */;
			targetProxy = 780F22CC1F1CBC0C0032415B /* PBXContainerItemProxy */;
		};
		780F22D81F1CBC0C0032415B /* PBXTargetDependency */ = {
			isa = PBXTargetDependency;
			target = 780F22B31F1CBC0B0032415B /* One Password */;
			targetProxy = 780F22D71F1CBC0C0032415B /* PBXContainerItemProxy */;
		};
/* End PBXTargetDependency section */

/* Begin PBXVariantGroup section */
		780F22BB1F1CBC0B0032415B /* Main.storyboard */ = {
			isa = PBXVariantGroup;
			children = (
				780F22BC1F1CBC0B0032415B /* Base */,
			);
			name = Main.storyboard;
			sourceTree = "<group>";
		};
		780F22C31F1CBC0B0032415B /* LaunchScreen.storyboard */ = {
			isa = PBXVariantGroup;
			children = (
				780F22C41F1CBC0B0032415B /* Base */,
			);
			name = LaunchScreen.storyboard;
			sourceTree = "<group>";
		};
/* End PBXVariantGroup section */

/* Begin XCBuildConfiguration section */
		780F22DD1F1CBC0C0032415B /* Debug */ = {
			isa = XCBuildConfiguration;
			buildSettings = {
				ALWAYS_SEARCH_USER_PATHS = NO;
				CLANG_ANALYZER_NONNULL = YES;
				CLANG_CXX_LANGUAGE_STANDARD = "gnu++0x";
				CLANG_CXX_LIBRARY = "libc++";
				CLANG_ENABLE_MODULES = YES;
				CLANG_ENABLE_OBJC_ARC = YES;
				CLANG_WARN_BOOL_CONVERSION = YES;
				CLANG_WARN_CONSTANT_CONVERSION = YES;
				CLANG_WARN_DIRECT_OBJC_ISA_USAGE = YES_ERROR;
				CLANG_WARN_DOCUMENTATION_COMMENTS = YES;
				CLANG_WARN_EMPTY_BODY = YES;
				CLANG_WARN_ENUM_CONVERSION = YES;
				CLANG_WARN_INFINITE_RECURSION = YES;
				CLANG_WARN_INT_CONVERSION = YES;
				CLANG_WARN_OBJC_ROOT_CLASS = YES_ERROR;
				CLANG_WARN_SUSPICIOUS_MOVES = YES;
				CLANG_WARN_UNREACHABLE_CODE = YES;
				CLANG_WARN__DUPLICATE_METHOD_MATCH = YES;
				"CODE_SIGN_IDENTITY[sdk=iphoneos*]" = "iPhone Developer";
				COPY_PHASE_STRIP = NO;
				DEBUG_INFORMATION_FORMAT = dwarf;
				ENABLE_STRICT_OBJC_MSGSEND = YES;
				ENABLE_TESTABILITY = YES;
				GCC_C_LANGUAGE_STANDARD = gnu99;
				GCC_DYNAMIC_NO_PIC = NO;
				GCC_NO_COMMON_BLOCKS = YES;
				GCC_OPTIMIZATION_LEVEL = 0;
				GCC_PREPROCESSOR_DEFINITIONS = (
					"DEBUG=1",
					"$(inherited)",
				);
				GCC_WARN_64_TO_32_BIT_CONVERSION = YES;
				GCC_WARN_ABOUT_RETURN_TYPE = YES_ERROR;
				GCC_WARN_UNDECLARED_SELECTOR = YES;
				GCC_WARN_UNINITIALIZED_AUTOS = YES_AGGRESSIVE;
				GCC_WARN_UNUSED_FUNCTION = YES;
				GCC_WARN_UNUSED_VARIABLE = YES;
				IPHONEOS_DEPLOYMENT_TARGET = 10.1;
				MTL_ENABLE_DEBUG_INFO = YES;
				ONLY_ACTIVE_ARCH = YES;
				SDKROOT = iphoneos;
				SWIFT_ACTIVE_COMPILATION_CONDITIONS = DEBUG;
				SWIFT_OPTIMIZATION_LEVEL = "-Onone";
				TARGETED_DEVICE_FAMILY = "1,2";
			};
			name = Debug;
		};
		780F22DE1F1CBC0C0032415B /* Release */ = {
			isa = XCBuildConfiguration;
			buildSettings = {
				ALWAYS_SEARCH_USER_PATHS = NO;
				CLANG_ANALYZER_NONNULL = YES;
				CLANG_CXX_LANGUAGE_STANDARD = "gnu++0x";
				CLANG_CXX_LIBRARY = "libc++";
				CLANG_ENABLE_MODULES = YES;
				CLANG_ENABLE_OBJC_ARC = YES;
				CLANG_WARN_BOOL_CONVERSION = YES;
				CLANG_WARN_CONSTANT_CONVERSION = YES;
				CLANG_WARN_DIRECT_OBJC_ISA_USAGE = YES_ERROR;
				CLANG_WARN_DOCUMENTATION_COMMENTS = YES;
				CLANG_WARN_EMPTY_BODY = YES;
				CLANG_WARN_ENUM_CONVERSION = YES;
				CLANG_WARN_INFINITE_RECURSION = YES;
				CLANG_WARN_INT_CONVERSION = YES;
				CLANG_WARN_OBJC_ROOT_CLASS = YES_ERROR;
				CLANG_WARN_SUSPICIOUS_MOVES = YES;
				CLANG_WARN_UNREACHABLE_CODE = YES;
				CLANG_WARN__DUPLICATE_METHOD_MATCH = YES;
				"CODE_SIGN_IDENTITY[sdk=iphoneos*]" = "iPhone Developer";
				COPY_PHASE_STRIP = NO;
				DEBUG_INFORMATION_FORMAT = "dwarf-with-dsym";
				ENABLE_NS_ASSERTIONS = NO;
				ENABLE_STRICT_OBJC_MSGSEND = YES;
				GCC_C_LANGUAGE_STANDARD = gnu99;
				GCC_NO_COMMON_BLOCKS = YES;
				GCC_WARN_64_TO_32_BIT_CONVERSION = YES;
				GCC_WARN_ABOUT_RETURN_TYPE = YES_ERROR;
				GCC_WARN_UNDECLARED_SELECTOR = YES;
				GCC_WARN_UNINITIALIZED_AUTOS = YES_AGGRESSIVE;
				GCC_WARN_UNUSED_FUNCTION = YES;
				GCC_WARN_UNUSED_VARIABLE = YES;
				IPHONEOS_DEPLOYMENT_TARGET = 10.1;
				MTL_ENABLE_DEBUG_INFO = NO;
				SDKROOT = iphoneos;
				SWIFT_OPTIMIZATION_LEVEL = "-Owholemodule";
				TARGETED_DEVICE_FAMILY = "1,2";
				VALIDATE_PRODUCT = YES;
			};
			name = Release;
		};
		780F22E01F1CBC0C0032415B /* Debug */ = {
			isa = XCBuildConfiguration;
			buildSettings = {
				ASSETCATALOG_COMPILER_APPICON_NAME = AppIcon;
				DEVELOPMENT_TEAM = JT426SNB49;
				INFOPLIST_FILE = "One Password/Info.plist";
				LD_RUNPATH_SEARCH_PATHS = "$(inherited) @executable_path/Frameworks";
				PRODUCT_BUNDLE_IDENTIFIER = "com.confiance.One-Password";
				PRODUCT_NAME = "$(TARGET_NAME)";
				SWIFT_VERSION = 3.0;
			};
			name = Debug;
		};
		780F22E11F1CBC0C0032415B /* Release */ = {
			isa = XCBuildConfiguration;
			buildSettings = {
				ASSETCATALOG_COMPILER_APPICON_NAME = AppIcon;
				DEVELOPMENT_TEAM = JT426SNB49;
				INFOPLIST_FILE = "One Password/Info.plist";
				LD_RUNPATH_SEARCH_PATHS = "$(inherited) @executable_path/Frameworks";
				PRODUCT_BUNDLE_IDENTIFIER = "com.confiance.One-Password";
				PRODUCT_NAME = "$(TARGET_NAME)";
				SWIFT_VERSION = 3.0;
			};
			name = Release;
		};
		780F22E31F1CBC0C0032415B /* Debug */ = {
			isa = XCBuildConfiguration;
			buildSettings = {
				ALWAYS_EMBED_SWIFT_STANDARD_LIBRARIES = YES;
				BUNDLE_LOADER = "$(TEST_HOST)";
				DEVELOPMENT_TEAM = JT426SNB49;
				INFOPLIST_FILE = "One PasswordTests/Info.plist";
				LD_RUNPATH_SEARCH_PATHS = "$(inherited) @executable_path/Frameworks @loader_path/Frameworks";
				PRODUCT_BUNDLE_IDENTIFIER = "com.confiance.One-PasswordTests";
				PRODUCT_NAME = "$(TARGET_NAME)";
				SWIFT_VERSION = 3.0;
				TEST_HOST = "$(BUILT_PRODUCTS_DIR)/One Password.app/One Password";
			};
			name = Debug;
		};
		780F22E41F1CBC0C0032415B /* Release */ = {
			isa = XCBuildConfiguration;
			buildSettings = {
				ALWAYS_EMBED_SWIFT_STANDARD_LIBRARIES = YES;
				BUNDLE_LOADER = "$(TEST_HOST)";
				DEVELOPMENT_TEAM = JT426SNB49;
				INFOPLIST_FILE = "One PasswordTests/Info.plist";
				LD_RUNPATH_SEARCH_PATHS = "$(inherited) @executable_path/Frameworks @loader_path/Frameworks";
				PRODUCT_BUNDLE_IDENTIFIER = "com.confiance.One-PasswordTests";
				PRODUCT_NAME = "$(TARGET_NAME)";
				SWIFT_VERSION = 3.0;
				TEST_HOST = "$(BUILT_PRODUCTS_DIR)/One Password.app/One Password";
			};
			name = Release;
		};
		780F22E61F1CBC0C0032415B /* Debug */ = {
			isa = XCBuildConfiguration;
			buildSettings = {
				ALWAYS_EMBED_SWIFT_STANDARD_LIBRARIES = YES;
				DEVELOPMENT_TEAM = JT426SNB49;
				INFOPLIST_FILE = "One PasswordUITests/Info.plist";
				LD_RUNPATH_SEARCH_PATHS = "$(inherited) @executable_path/Frameworks @loader_path/Frameworks";
				PRODUCT_BUNDLE_IDENTIFIER = "com.confiance.One-PasswordUITests";
				PRODUCT_NAME = "$(TARGET_NAME)";
				SWIFT_VERSION = 3.0;
				TEST_TARGET_NAME = "One Password";
			};
			name = Debug;
		};
		780F22E71F1CBC0C0032415B /* Release */ = {
			isa = XCBuildConfiguration;
			buildSettings = {
				ALWAYS_EMBED_SWIFT_STANDARD_LIBRARIES = YES;
				DEVELOPMENT_TEAM = JT426SNB49;
				INFOPLIST_FILE = "One PasswordUITests/Info.plist";
				LD_RUNPATH_SEARCH_PATHS = "$(inherited) @executable_path/Frameworks @loader_path/Frameworks";
				PRODUCT_BUNDLE_IDENTIFIER = "com.confiance.One-PasswordUITests";
				PRODUCT_NAME = "$(TARGET_NAME)";
				SWIFT_VERSION = 3.0;
				TEST_TARGET_NAME = "One Password";
			};
			name = Release;
		};
/* End XCBuildConfiguration section */

/* Begin XCConfigurationList section */
		780F22AF1F1CBC0B0032415B /* Build configuration list for PBXProject "One Password" */ = {
			isa = XCConfigurationList;
			buildConfigurations = (
				780F22DD1F1CBC0C0032415B /* Debug */,
				780F22DE1F1CBC0C0032415B /* Release */,
			);
			defaultConfigurationIsVisible = 0;
			defaultConfigurationName = Release;
		};
		780F22DF1F1CBC0C0032415B /* Build configuration list for PBXNativeTarget "One Password" */ = {
			isa = XCConfigurationList;
			buildConfigurations = (
				780F22E01F1CBC0C0032415B /* Debug */,
				780F22E11F1CBC0C0032415B /* Release */,
			);
			defaultConfigurationIsVisible = 0;
		};
		780F22E21F1CBC0C0032415B /* Build configuration list for PBXNativeTarget "One PasswordTests" */ = {
			isa = XCConfigurationList;
			buildConfigurations = (
				780F22E31F1CBC0C0032415B /* Debug */,
				780F22E41F1CBC0C0032415B /* Release */,
			);
			defaultConfigurationIsVisible = 0;
		};
		780F22E51F1CBC0C0032415B /* Build configuration list for PBXNativeTarget "One PasswordUITests" */ = {
			isa = XCConfigurationList;
			buildConfigurations = (
				780F22E61F1CBC0C0032415B /* Debug */,
				780F22E71F1CBC0C0032415B /* Release */,
			);
			defaultConfigurationIsVisible = 0;
		};
/* End XCConfigurationList section */

/* Begin XCVersionGroup section */
		780F22BE1F1CBC0B0032415B /* One_Password.xcdatamodeld */ = {
			isa = XCVersionGroup;
			children = (
				780F22BF1F1CBC0B0032415B /* One_Password.xcdatamodel */,
			);
			currentVersion = 780F22BF1F1CBC0B0032415B /* One_Password.xcdatamodel */;
			path = One_Password.xcdatamodeld;
			sourceTree = "<group>";
			versionGroupType = wrapper.xcdatamodel;
		};
/* End XCVersionGroup section */
	};
	rootObject = 780F22AC1F1CBC0B0032415B /* Project object */;
}
